
Microsoft Visual Studio Solution File, Format Version 12.00
# Visual Studio Version 17
VisualStudioVersion = 17.8.34330.188
MinimumVisualStudioVersion = 10.0.40219.1
Project("{9A19103F-16F7-4668-BE54-9A1E7A4F7556}") = "InAuthServer", "InAuthServer\InAuthServer.csproj", "{73EFE073-23D5-430E-838F-FC7C6A0E62E6}"
EndProject
Project("{2150E333-8FDC-42A3-9474-1A3956D46DE8}") = "方案項目", "方案項目", "{0E01FE95-DF49-4731-9D6D-9A9A07A4C084}"
	ProjectSection(SolutionItems) = preProject
		Directory.Build.props = Directory.Build.props
		Directory.Packages.props = Directory.Packages.props
		global.json = global.json
		Readme.md = Readme.md
	EndProjectSection
EndProject
Global
	GlobalSection(SolutionConfigurationPlatforms) = preSolution
		Debug|Any CPU = Debug|Any CPU
		Release|Any CPU = Release|Any CPU
	EndGlobalSection
	GlobalSection(ProjectConfigurationPlatforms) = postSolution
		{73EFE073-23D5-430E-838F-FC7C6A0E62E6}.Debug|Any CPU.ActiveCfg = Debug|Any CPU
		{73EFE073-23D5-430E-838F-FC7C6A0E62E6}.Debug|Any CPU.Build.0 = Debug|Any CPU
		{73EFE073-23D5-430E-838F-FC7C6A0E62E6}.Release|Any CPU.ActiveCfg = Release|Any CPU
		{73EFE073-23D5-430E-838F-FC7C6A0E62E6}.Release|Any CPU.Build.0 = Release|Any CPU
	EndGlobalSection
	GlobalSection(SolutionProperties) = preSolution
		HideSolutionNode = FALSE
	EndGlobalSection
	GlobalSection(ExtensibilityGlobals) = postSolution
		SolutionGuid = {0502CEE4-F3A4-400B-92BD-33308DACDA1E}
	EndGlobalSection
EndGlobal
